
Microsoft Visual Studio Solution File, Format Version 12.00
# Visual Studio Version 17
VisualStudioVersion = 17.10.35122.118
MinimumVisualStudioVersion = 10.0.40219.1
Project("{888888A0-9F3D-457C-B088-3A5042F75D52}") = "3KLSC-MISAELLOPEZ - 04", "3KLSC-MISAELLOPEZ - 04\3KLSC-MISAELLOPEZ - 04.pyproj", "{490DEC7B-20A2-4165-AE5D-CBAF6AE77CB7}"
EndProject
Global
	GlobalSection(SolutionConfigurationPlatforms) = preSolution
		Debug|Any CPU = Debug|Any CPU
		Release|Any CPU = Release|Any CPU
	EndGlobalSection
	GlobalSection(ProjectConfigurationPlatforms) = postSolution
		{490DEC7B-20A2-4165-AE5D-CBAF6AE77CB7}.Debug|Any CPU.ActiveCfg = Debug|Any CPU
		{490DEC7B-20A2-4165-AE5D-CBAF6AE77CB7}.Release|Any CPU.ActiveCfg = Release|Any CPU
	EndGlobalSection
	GlobalSection(SolutionProperties) = preSolution
		HideSolutionNode = FALSE
	EndGlobalSection
	GlobalSection(ExtensibilityGlobals) = postSolution
		SolutionGuid = {79E26F53-9290-4FAD-8F00-3F47252EFF10}
	EndGlobalSection
EndGlobal
